{
  "version": 4,
  "terraform_version": "0.12.6",
  "serial": 79,
  "lineage": "0c94e8c6-2518-cc87-dc60-cbb35c6b5de9",
  "outputs": {
    "rajapublicip": {
      "value": "54.72.250.199",
      "type": "string"
    }
  },
  "resources": [
    {
      "mode": "managed",
      "type": "aws_eip",
      "name": "raja_eip",
      "provider": "provider.aws",
      "instances": [
        {
          "schema_version": 0,
          "attributes": {
            "allocation_id": null,
            "associate_with_private_ip": null,
            "association_id": "eipassoc-067b3c11f90b32fe1",
            "domain": "vpc",
            "id": "eipalloc-0f90f2fee375da190",
            "instance": "i-01df4f72eb914e562",
            "network_interface": "eni-0c10dfa3317ec47d6",
            "private_dns": "ip-172-31-1-125.eu-west-1.compute.internal",
            "private_ip": "172.31.1.125",
            "public_dns": "ec2-54-72-250-199.eu-west-1.compute.amazonaws.com",
            "public_ip": "54.72.250.199",
            "public_ipv4_pool": "amazon",
            "tags": {
              "Name": "raja_eip"
            },
            "timeouts": null,
            "vpc": true
          },
          "private": "eyJlMmJmYjczMC1lY2FhLTExZTYtOGY4OC0zNDM2M2JjN2M0YzAiOnsiZGVsZXRlIjoxODAwMDAwMDAwMDAsInJlYWQiOjkwMDAwMDAwMDAwMCwidXBkYXRlIjozMDAwMDAwMDAwMDB9fQ==",
          "depends_on": [
            "aws_instance.raja"
          ]
        }
      ]
    },
    {
      "mode": "managed",
      "type": "aws_instance",
      "name": "raja",
      "provider": "provider.aws",
      "instances": [
        {
          "schema_version": 1,
          "attributes": {
            "ami": "ami-04facb3ed127a2eb6",
            "arn": "arn:aws:ec2:eu-west-1:659840170574:instance/i-01df4f72eb914e562",
            "associate_public_ip_address": true,
            "availability_zone": "eu-west-1a",
            "cpu_core_count": 1,
            "cpu_threads_per_core": 1,
            "credit_specification": [
              {
                "cpu_credits": "standard"
              }
            ],
            "disable_api_termination": false,
            "ebs_block_device": [],
            "ebs_optimized": false,
            "ephemeral_block_device": [],
            "get_password_data": false,
            "host_id": null,
            "iam_instance_profile": "",
            "id": "i-01df4f72eb914e562",
            "instance_initiated_shutdown_behavior": null,
            "instance_state": "running",
            "instance_type": "t2.micro",
            "ipv6_address_count": 0,
            "ipv6_addresses": [],
            "key_name": "rajakey",
            "monitoring": false,
            "network_interface": [],
            "network_interface_id": null,
            "password_data": "",
            "placement_group": "",
            "primary_network_interface_id": "eni-0c10dfa3317ec47d6",
            "private_dns": "ip-172-31-1-125.eu-west-1.compute.internal",
            "private_ip": "172.31.1.125",
            "public_dns": "ec2-54-72-250-199.eu-west-1.compute.amazonaws.com",
            "public_ip": "54.72.250.199",
            "root_block_device": [
              {
                "delete_on_termination": true,
                "encrypted": false,
                "iops": 100,
                "kms_key_id": "",
                "volume_id": "vol-0a0ec6ce2a13e0c8e",
                "volume_size": 10,
                "volume_type": "gp2"
              }
            ],
            "security_groups": [
              "rajasecurity"
            ],
            "source_dest_check": true,
            "subnet_id": "subnet-0c2cc6174756474d4",
            "tags": {
              "Name": "Raja"
            },
            "tenancy": "default",
            "timeouts": null,
            "user_data": null,
            "user_data_base64": null,
            "volume_tags": {},
            "vpc_security_group_ids": [
              "sg-09a4fea7c4dc14fe7"
            ]
          },
          "private": "eyJlMmJmYjczMC1lY2FhLTExZTYtOGY4OC0zNDM2M2JjN2M0YzAiOnsiY3JlYXRlIjo2MDAwMDAwMDAwMDAsImRlbGV0ZSI6MTIwMDAwMDAwMDAwMCwidXBkYXRlIjo2MDAwMDAwMDAwMDB9LCJzY2hlbWFfdmVyc2lvbiI6IjEifQ==",
          "depends_on": [
            "aws_key_pair.rajakey",
            "aws_security_group.rajamaaligai"
          ]
        }
      ]
    },
    {
      "mode": "managed",
      "type": "aws_key_pair",
      "name": "rajakey",
      "provider": "provider.aws",
      "instances": [
        {
          "schema_version": 1,
          "attributes": {
            "fingerprint": "d7:b1:e1:f7:53:08:51:ac:98:4a:0b:7a:a2:48:89:9d",
            "id": "rajakey",
            "key_name": "rajakey",
            "key_name_prefix": null,
            "public_key": "---- BEGIN SSH2 PUBLIC KEY ----\r\nComment: \"rsa-key-20190822\"\r\nAAAAB3NzaC1yc2EAAAABJQAAAQEAulVseZAG0xlK7ilv8l+zd2Z/SCLzBlP0pEeW\r\n1iWgL8Oas6sIpIxSpreeDGF5WPgfI+t/VuH/wQk3qVSLCpI4ZPVpiv/E9/VX/Vs+\r\n79KIoX7PQVWAlHqxT9RzOpm24+T4k1qp2zkZWLCnSW8CpYWS4YoLG+BVibmS2kSr\r\nO0PbuacVAE3xmJlbK6jbUX4cH6utXQChKruP/KNQhiXe/F6dah9w4u7mUUuCBP6d\r\nhklp9CjhJSs341QJlyQrEIa8R9G4SK75UDi8e2k/FeV4p5DvSPcDpif6O9fNd15V\r\nzz3LOcZstEn7MzwKeKKPjqpEcmsXTiPbZa/o9o3irvRIsAgt6Q==\r\n---- END SSH2 PUBLIC KEY ----"
          },
          "private": "eyJzY2hlbWFfdmVyc2lvbiI6IjEifQ=="
        }
      ]
    },
    {
      "mode": "managed",
      "type": "aws_s3_bucket",
      "name": "sriddharrajabucket",
      "provider": "provider.aws",
      "instances": [
        {
          "schema_version": 0,
          "attributes": {
            "acceleration_status": "",
            "acl": "private",
            "arn": "arn:aws:s3:::sridharrajabucket",
            "bucket": "sridharrajabucket",
            "bucket_domain_name": "sridharrajabucket.s3.amazonaws.com",
            "bucket_prefix": null,
            "bucket_regional_domain_name": "sridharrajabucket.s3.eu-west-1.amazonaws.com",
            "cors_rule": [],
            "force_destroy": true,
            "hosted_zone_id": "Z1BKCTXD74EZPE",
            "id": "sridharrajabucket",
            "lifecycle_rule": [],
            "logging": [],
            "object_lock_configuration": [],
            "policy": null,
            "region": "eu-west-1",
            "replication_configuration": [],
            "request_payer": "BucketOwner",
            "server_side_encryption_configuration": [],
            "tags": null,
            "versioning": [
              {
                "enabled": false,
                "mfa_delete": false
              }
            ],
            "website": [],
            "website_domain": null,
            "website_endpoint": null
          },
          "private": "bnVsbA=="
        }
      ]
    },
    {
      "mode": "managed",
      "type": "aws_security_group",
      "name": "rajamaaligai",
      "provider": "provider.aws",
      "instances": [
        {
          "schema_version": 1,
          "attributes": {
            "arn": "arn:aws:ec2:eu-west-1:659840170574:security-group/sg-09a4fea7c4dc14fe7",
            "description": "Raja vin padai",
            "egress": [
              {
                "cidr_blocks": [
                  "0.0.0.0/0"
                ],
                "description": "",
                "from_port": 0,
                "ipv6_cidr_blocks": [],
                "prefix_list_ids": [],
                "protocol": "-1",
                "security_groups": [],
                "self": false,
                "to_port": 0
              }
            ],
            "id": "sg-09a4fea7c4dc14fe7",
            "ingress": [
              {
                "cidr_blocks": [
                  "0.0.0.0/0"
                ],
                "description": "",
                "from_port": 0,
                "ipv6_cidr_blocks": [],
                "prefix_list_ids": [],
                "protocol": "-1",
                "security_groups": [],
                "self": false,
                "to_port": 0
              }
            ],
            "name": "rajasecurity",
            "name_prefix": null,
            "owner_id": "659840170574",
            "revoke_rules_on_delete": false,
            "tags": {},
            "timeouts": null,
            "vpc_id": "vpc-10d09e75"
          },
          "private": "eyJlMmJmYjczMC1lY2FhLTExZTYtOGY4OC0zNDM2M2JjN2M0YzAiOnsiY3JlYXRlIjo2MDAwMDAwMDAwMDAsImRlbGV0ZSI6NjAwMDAwMDAwMDAwfSwic2NoZW1hX3ZlcnNpb24iOiIxIn0="
        }
      ]
    }
  ]
}
